
Microsoft Visual Studio Solution File, Format Version 12.00
# Visual Studio Version 16
VisualStudioVersion = 16.0.29411.108
MinimumVisualStudioVersion = 10.0.40219.1
Project("{FAE04EC0-301F-11D3-BF4B-00C04F79EFBC}") = "Vending_Machine", "Vending_Machine\Vending_Machine.csproj", "{D719A446-92DD-4D2C-9694-977B8E18B83F}"
EndProject
Project("{2150E333-8FDC-42A3-9474-1A3956D46DE8}") = "Model", "Model", "{8B69BE64-3679-4E28-AB9D-843DA43C79A5}"
EndProject
Project("{2150E333-8FDC-42A3-9474-1A3956D46DE8}") = "Data", "Data", "{B2F076F3-761E-45A9-A677-23BE5EB0A172}"
	ProjectSection(SolutionItems) = preProject
		Product.cs = Product.cs
	EndProjectSection
EndProject
Global
	GlobalSection(SolutionConfigurationPlatforms) = preSolution
		Debug|Any CPU = Debug|Any CPU
		Release|Any CPU = Release|Any CPU
	EndGlobalSection
	GlobalSection(ProjectConfigurationPlatforms) = postSolution
		{D719A446-92DD-4D2C-9694-977B8E18B83F}.Debug|Any CPU.ActiveCfg = Debug|Any CPU
		{D719A446-92DD-4D2C-9694-977B8E18B83F}.Debug|Any CPU.Build.0 = Debug|Any CPU
		{D719A446-92DD-4D2C-9694-977B8E18B83F}.Release|Any CPU.ActiveCfg = Release|Any CPU
		{D719A446-92DD-4D2C-9694-977B8E18B83F}.Release|Any CPU.Build.0 = Release|Any CPU
	EndGlobalSection
	GlobalSection(SolutionProperties) = preSolution
		HideSolutionNode = FALSE
	EndGlobalSection
	GlobalSection(ExtensibilityGlobals) = postSolution
		SolutionGuid = {483A1AF1-F213-4056-A248-DF135A948FD0}
	EndGlobalSection
EndGlobal
